
Microsoft Visual Studio Solution File, Format Version 12.00
# Visual Studio Version 17
VisualStudioVersion = 17.14.36301.6 d17.14
MinimumVisualStudioVersion = 10.0.40219.1
Project("{FAE04EC0-301F-11D3-BF4B-00C04F79EFBC}") = "WebViewSys", "WebViewSys.csproj", "{732E4B65-E253-4AA9-85D4-91869C18D04D}"
EndProject
Global
	GlobalSection(SolutionConfigurationPlatforms) = preSolution
		Debug|Any CPU = Debug|Any CPU
		Release|Any CPU = Release|Any CPU
	EndGlobalSection
	GlobalSection(ProjectConfigurationPlatforms) = postSolution
		{732E4B65-E253-4AA9-85D4-91869C18D04D}.Debug|Any CPU.ActiveCfg = Debug|Any CPU
		{732E4B65-E253-4AA9-85D4-91869C18D04D}.Debug|Any CPU.Build.0 = Debug|Any CPU
		{732E4B65-E253-4AA9-85D4-91869C18D04D}.Release|Any CPU.ActiveCfg = Release|Any CPU
		{732E4B65-E253-4AA9-85D4-91869C18D04D}.Release|Any CPU.Build.0 = Release|Any CPU
	EndGlobalSection
	GlobalSection(SolutionProperties) = preSolution
		HideSolutionNode = FALSE
	EndGlobalSection
	GlobalSection(ExtensibilityGlobals) = postSolution
		SolutionGuid = {7349ECFD-CB11-4473-AB5E-240AABCF627B}
	EndGlobalSection
EndGlobal
